// !$*UTF8*$!
{
	archiveVersion = 1;
	classes = {
	};
	objectVersion = 50;
	objects = {

/* Begin PBXBuildFile section */
		52F251652473F0250007F9E8 /* AppDelegate.swift in Sources */ = {isa = PBXBuildFile; fileRef = 52F251642473F0250007F9E8 /* AppDelegate.swift */; };
		52F251672473F0250007F9E8 /* SceneDelegate.swift in Sources */ = {isa = PBXBuildFile; fileRef = 52F251662473F0250007F9E8 /* SceneDelegate.swift */; };
		52F251692473F0250007F9E8 /* ContentView.swift in Sources */ = {isa = PBXBuildFile; fileRef = 52F251682473F0250007F9E8 /* ContentView.swift */; };
		52F2516B2473F0260007F9E8 /* Assets.xcassets in Resources */ = {isa = PBXBuildFile; fileRef = 52F2516A2473F0260007F9E8 /* Assets.xcassets */; };
		52F2516E2473F0260007F9E8 /* Preview Assets.xcassets in Resources */ = {isa = PBXBuildFile; fileRef = 52F2516D2473F0260007F9E8 /* Preview Assets.xcassets */; };
		52F251712473F0260007F9E8 /* LaunchScreen.storyboard in Resources */ = {isa = PBXBuildFile; fileRef = 52F2516F2473F0260007F9E8 /* LaunchScreen.storyboard */; };
		52F2517C2473F0260007F9E8 /* myResumeTests.swift in Sources */ = {isa = PBXBuildFile; fileRef = 52F2517B2473F0260007F9E8 /* myResumeTests.swift */; };
		52F251872473F0260007F9E8 /* myResumeUITests.swift in Sources */ = {isa = PBXBuildFile; fileRef = 52F251862473F0260007F9E8 /* myResumeUITests.swift */; };
/* End PBXBuildFile section */

/* Begin PBXContainerItemProxy section */
		52F251782473F0260007F9E8 /* PBXContainerItemProxy */ = {
			isa = PBXContainerItemProxy;
			containerPortal = 52F251592473F0250007F9E8 /* Project object */;
			proxyType = 1;
			remoteGlobalIDString = 52F251602473F0250007F9E8;
			remoteInfo = myResume;
		};
		52F251832473F0260007F9E8 /* PBXContainerItemProxy */ = {
			isa = PBXContainerItemProxy;
			containerPortal = 52F251592473F0250007F9E8 /* Project object */;
			proxyType = 1;
			remoteGlobalIDString = 52F251602473F0250007F9E8;
			remoteInfo = myResume;
		};
/* End PBXContainerItemProxy section */

/* Begin PBXFileReference section */
		52F251612473F0250007F9E8 /* myResume.app */ = {isa = PBXFileReference; explicitFileType = wrapper.application; includeInIndex = 0; path = myResume.app; sourceTree = BUILT_PRODUCTS_DIR; };
		52F251642473F0250007F9E8 /* AppDelegate.swift */ = {isa = PBXFileReference; lastKnownFileType = sourcecode.swift; path = AppDelegate.swift; sourceTree = "<group>"; };
		52F251662473F0250007F9E8 /* SceneDelegate.swift */ = {isa = PBXFileReference; lastKnownFileType = sourcecode.swift; path = SceneDelegate.swift; sourceTree = "<group>"; };
		52F251682473F0250007F9E8 /* ContentView.swift */ = {isa = PBXFileReference; lastKnownFileType = sourcecode.swift; path = ContentView.swift; sourceTree = "<group>"; };
		52F2516A2473F0260007F9E8 /* Assets.xcassets */ = {isa = PBXFileReference; lastKnownFileType = folder.assetcatalog; path = Assets.xcassets; sourceTree = "<group>"; };
		52F2516D2473F0260007F9E8 /* Preview Assets.xcassets */ = {isa = PBXFileReference; lastKnownFileType = folder.assetcatalog; path = "Preview Assets.xcassets"; sourceTree = "<group>"; };
		52F251702473F0260007F9E8 /* Base */ = {isa = PBXFileReference; lastKnownFileType = file.storyboard; name = Base; path = Base.lproj/LaunchScreen.storyboard; sourceTree = "<group>"; };
		52F251722473F0260007F9E8 /* Info.plist */ = {isa = PBXFileReference; lastKnownFileType = text.plist.xml; path = Info.plist; sourceTree = "<group>"; };
		52F251772473F0260007F9E8 /* myResumeTests.xctest */ = {isa = PBXFileReference; explicitFileType = wrapper.cfbundle; includeInIndex = 0; path = myResumeTests.xctest; sourceTree = BUILT_PRODUCTS_DIR; };
		52F2517B2473F0260007F9E8 /* myResumeTests.swift */ = {isa = PBXFileReference; lastKnownFileType = sourcecode.swift; path = myResumeTests.swift; sourceTree = "<group>"; };
		52F2517D2473F0260007F9E8 /* Info.plist */ = {isa = PBXFileReference; lastKnownFileType = text.plist.xml; path = Info.plist; sourceTree = "<group>"; };
		52F251822473F0260007F9E8 /* myResumeUITests.xctest */ = {isa = PBXFileReference; explicitFileType = wrapper.cfbundle; includeInIndex = 0; path = myResumeUITests.xctest; sourceTree = BUILT_PRODUCTS_DIR; };
		52F251862473F0260007F9E8 /* myResumeUITests.swift */ = {isa = PBXFileReference; lastKnownFileType = sourcecode.swift; path = myResumeUITests.swift; sourceTree = "<group>"; };
		52F251882473F0260007F9E8 /* Info.plist */ = {isa = PBXFileReference; lastKnownFileType = text.plist.xml; path = Info.plist; sourceTree = "<group>"; };
/* End PBXFileReference section */

/* Begin PBXFrameworksBuildPhase section */
		52F2515E2473F0250007F9E8 /* Frameworks */ = {
			isa = PBXFrameworksBuildPhase;
			buildActionMask = 2147483647;
			files = (
			);
			runOnlyForDeploymentPostprocessing = 0;
		};
		52F251742473F0260007F9E8 /* Frameworks */ = {
			isa = PBXFrameworksBuildPhase;
			buildActionMask = 2147483647;
			files = (
			);
			runOnlyForDeploymentPostprocessing = 0;
		};
		52F2517F2473F0260007F9E8 /* Frameworks */ = {
			isa = PBXFrameworksBuildPhase;
			buildActionMask = 2147483647;
			files = (
			);
			runOnlyForDeploymentPostprocessing = 0;
		};
/* End PBXFrameworksBuildPhase section */

/* Begin PBXGroup section */
		5251C931249BA3FD009F17B7 /* Views */ = {
			isa = PBXGroup;
			children = (
				52F251682473F0250007F9E8 /* ContentView.swift */,
			);
			path = Views;
			sourceTree = "<group>";
		};
		52F251582473F0250007F9E8 = {
			isa = PBXGroup;
			children = (
				52F251632473F0250007F9E8 /* myResume */,
				52F2517A2473F0260007F9E8 /* myResumeTests */,
				52F251852473F0260007F9E8 /* myResumeUITests */,
				52F251622473F0250007F9E8 /* Products */,
			);
			sourceTree = "<group>";
		};
		52F251622473F0250007F9E8 /* Products */ = {
			isa = PBXGroup;
			children = (
				52F251612473F0250007F9E8 /* myResume.app */,
				52F251772473F0260007F9E8 /* myResumeTests.xctest */,
				52F251822473F0260007F9E8 /* myResumeUITests.xctest */,
			);
			name = Products;
			sourceTree = "<group>";
		};
		52F251632473F0250007F9E8 /* myResume */ = {
			isa = PBXGroup;
			children = (
				5251C931249BA3FD009F17B7 /* Views */,
				52F251642473F0250007F9E8 /* AppDelegate.swift */,
				52F251662473F0250007F9E8 /* SceneDelegate.swift */,
				52F2516A2473F0260007F9E8 /* Assets.xcassets */,
				52F2516F2473F0260007F9E8 /* LaunchScreen.storyboard */,
				52F251722473F0260007F9E8 /* Info.plist */,
				52F2516C2473F0260007F9E8 /* Preview Content */,
			);
			path = myResume;
			sourceTree = "<group>";
		};
		52F2516C2473F0260007F9E8 /* Preview Content */ = {
			isa = PBXGroup;
			children = (
				52F2516D2473F0260007F9E8 /* Preview Assets.xcassets */,
			);
			path = "Preview Content";
			sourceTree = "<group>";
		};
		52F2517A2473F0260007F9E8 /* myResumeTests */ = {
			isa = PBXGroup;
			children = (
				52F2517B2473F0260007F9E8 /* myResumeTests.swift */,
				52F2517D2473F0260007F9E8 /* Info.plist */,
			);
			path = myResumeTests;
			sourceTree = "<group>";
		};
		52F251852473F0260007F9E8 /* myResumeUITests */ = {
			isa = PBXGroup;
			children = (
				52F251862473F0260007F9E8 /* myResumeUITests.swift */,
				52F251882473F0260007F9E8 /* Info.plist */,
			);
			path = myResumeUITests;
			sourceTree = "<group>";
		};
/* End PBXGroup section */

/* Begin PBXNativeTarget section */
		52F251602473F0250007F9E8 /* myResume */ = {
			isa = PBXNativeTarget;
			buildConfigurationList = 52F2518B2473F0260007F9E8 /* Build configuration list for PBXNativeTarget "myResume" */;
			buildPhases = (
				52F2515D2473F0250007F9E8 /* Sources */,
				52F2515E2473F0250007F9E8 /* Frameworks */,
				52F2515F2473F0250007F9E8 /* Resources */,
			);
			buildRules = (
			);
			dependencies = (
			);
			name = myResume;
			productName = myResume;
			productReference = 52F251612473F0250007F9E8 /* myResume.app */;
			productType = "com.apple.product-type.application";
		};
		52F251762473F0260007F9E8 /* myResumeTests */ = {
			isa = PBXNativeTarget;
			buildConfigurationList = 52F2518E2473F0260007F9E8 /* Build configuration list for PBXNativeTarget "myResumeTests" */;
			buildPhases = (
				52F251732473F0260007F9E8 /* Sources */,
				52F251742473F0260007F9E8 /* Frameworks */,
				52F251752473F0260007F9E8 /* Resources */,
			);
			buildRules = (
			);
			dependencies = (
				52F251792473F0260007F9E8 /* PBXTargetDependency */,
			);
			name = myResumeTests;
			productName = myResumeTests;
			productReference = 52F251772473F0260007F9E8 /* myResumeTests.xctest */;
			productType = "com.apple.product-type.bundle.unit-test";
		};
		52F251812473F0260007F9E8 /* myResumeUITests */ = {
			isa = PBXNativeTarget;
			buildConfigurationList = 52F251912473F0260007F9E8 /* Build configuration list for PBXNativeTarget "myResumeUITests" */;
			buildPhases = (
				52F2517E2473F0260007F9E8 /* Sources */,
				52F2517F2473F0260007F9E8 /* Frameworks */,
				52F251802473F0260007F9E8 /* Resources */,
			);
			buildRules = (
			);
			dependencies = (
				52F251842473F0260007F9E8 /* PBXTargetDependency */,
			);
			name = myResumeUITests;
			productName = myResumeUITests;
			productReference = 52F251822473F0260007F9E8 /* myResumeUITests.xctest */;
			productType = "com.apple.product-type.bundle.ui-testing";
		};
/* End PBXNativeTarget section */

/* Begin PBXProject section */
		52F251592473F0250007F9E8 /* Project object */ = {
			isa = PBXProject;
			attributes = {
				LastSwiftUpdateCheck = 1140;
				LastUpgradeCheck = 1140;
				ORGANIZATIONNAME = "Alexandre Odet";
				TargetAttributes = {
					52F251602473F0250007F9E8 = {
						CreatedOnToolsVersion = 11.4.1;
					};
					52F251762473F0260007F9E8 = {
						CreatedOnToolsVersion = 11.4.1;
						TestTargetID = 52F251602473F0250007F9E8;
					};
					52F251812473F0260007F9E8 = {
						CreatedOnToolsVersion = 11.4.1;
						TestTargetID = 52F251602473F0250007F9E8;
					};
				};
			};
			buildConfigurationList = 52F2515C2473F0250007F9E8 /* Build configuration list for PBXProject "myResume" */;
			compatibilityVersion = "Xcode 9.3";
			developmentRegion = en;
			hasScannedForEncodings = 0;
			knownRegions = (
				en,
				Base,
			);
			mainGroup = 52F251582473F0250007F9E8;
			productRefGroup = 52F251622473F0250007F9E8 /* Products */;
			projectDirPath = "";
			projectRoot = "";
			targets = (
				52F251602473F0250007F9E8 /* myResume */,
				52F251762473F0260007F9E8 /* myResumeTests */,
				52F251812473F0260007F9E8 /* myResumeUITests */,
			);
		};
/* End PBXProject section */

/* Begin PBXResourcesBuildPhase section */
		52F2515F2473F0250007F9E8 /* Resources */ = {
			isa = PBXResourcesBuildPhase;
			buildActionMask = 2147483647;
			files = (
				52F251712473F0260007F9E8 /* LaunchScreen.storyboard in Resources */,
				52F2516E2473F0260007F9E8 /* Preview Assets.xcassets in Resources */,
				52F2516B2473F0260007F9E8 /* Assets.xcassets in Resources */,
			);
			runOnlyForDeploymentPostprocessing = 0;
		};
		52F251752473F0260007F9E8 /* Resources */ = {
			isa = PBXResourcesBuildPhase;
			buildActionMask = 2147483647;
			files = (
			);
			runOnlyForDeploymentPostprocessing = 0;
		};
		52F251802473F0260007F9E8 /* Resources */ = {
			isa = PBXResourcesBuildPhase;
			buildActionMask = 2147483647;
			files = (
			);
			runOnlyForDeploymentPostprocessing = 0;
		};
/* End PBXResourcesBuildPhase section */

/* Begin PBXSourcesBuildPhase section */
		52F2515D2473F0250007F9E8 /* Sources */ = {
			isa = PBXSourcesBuildPhase;
			buildActionMask = 2147483647;
			files = (
				52F251652473F0250007F9E8 /* AppDelegate.swift in Sources */,
				52F251672473F0250007F9E8 /* SceneDelegate.swift in Sources */,
				52F251692473F0250007F9E8 /* ContentView.swift in Sources */,
			);
			runOnlyForDeploymentPostprocessing = 0;
		};
		52F251732473F0260007F9E8 /* Sources */ = {
			isa = PBXSourcesBuildPhase;
			buildActionMask = 2147483647;
			files = (
				52F2517C2473F0260007F9E8 /* myResumeTests.swift in Sources */,
			);
			runOnlyForDeploymentPostprocessing = 0;
		};
		52F2517E2473F0260007F9E8 /* Sources */ = {
			isa = PBXSourcesBuildPhase;
			buildActionMask = 2147483647;
			files = (
				52F251872473F0260007F9E8 /* myResumeUITests.swift in Sources */,
			);
			runOnlyForDeploymentPostprocessing = 0;
		};
/* End PBXSourcesBuildPhase section */

/* Begin PBXTargetDependency section */
		52F251792473F0260007F9E8 /* PBXTargetDependency */ = {
			isa = PBXTargetDependency;
			target = 52F251602473F0250007F9E8 /* myResume */;
			targetProxy = 52F251782473F0260007F9E8 /* PBXContainerItemProxy */;
		};
		52F251842473F0260007F9E8 /* PBXTargetDependency */ = {
			isa = PBXTargetDependency;
			target = 52F251602473F0250007F9E8 /* myResume */;
			targetProxy = 52F251832473F0260007F9E8 /* PBXContainerItemProxy */;
		};
/* End PBXTargetDependency section */

/* Begin PBXVariantGroup section */
		52F2516F2473F0260007F9E8 /* LaunchScreen.storyboard */ = {
			isa = PBXVariantGroup;
			children = (
				52F251702473F0260007F9E8 /* Base */,
			);
			name = LaunchScreen.storyboard;
			sourceTree = "<group>";
		};
/* End PBXVariantGroup section */

/* Begin XCBuildConfiguration section */
		52F251892473F0260007F9E8 /* Debug */ = {
			isa = XCBuildConfiguration;
			buildSettings = {
				ALWAYS_SEARCH_USER_PATHS = NO;
				CLANG_ANALYZER_NONNULL = YES;
				CLANG_ANALYZER_NUMBER_OBJECT_CONVERSION = YES_AGGRESSIVE;
				CLANG_CXX_LANGUAGE_STANDARD = "gnu++14";
				CLANG_CXX_LIBRARY = "libc++";
				CLANG_ENABLE_MODULES = YES;
				CLANG_ENABLE_OBJC_ARC = YES;
				CLANG_ENABLE_OBJC_WEAK = YES;
				CLANG_WARN_BLOCK_CAPTURE_AUTORELEASING = YES;
				CLANG_WARN_BOOL_CONVERSION = YES;
				CLANG_WARN_COMMA = YES;
				CLANG_WARN_CONSTANT_CONVERSION = YES;
				CLANG_WARN_DEPRECATED_OBJC_IMPLEMENTATIONS = YES;
				CLANG_WARN_DIRECT_OBJC_ISA_USAGE = YES_ERROR;
				CLANG_WARN_DOCUMENTATION_COMMENTS = YES;
				CLANG_WARN_EMPTY_BODY = YES;
				CLANG_WARN_ENUM_CONVERSION = YES;
				CLANG_WARN_INFINITE_RECURSION = YES;
				CLANG_WARN_INT_CONVERSION = YES;
				CLANG_WARN_NON_LITERAL_NULL_CONVERSION = YES;
				CLANG_WARN_OBJC_IMPLICIT_RETAIN_SELF = YES;
				CLANG_WARN_OBJC_LITERAL_CONVERSION = YES;
				CLANG_WARN_OBJC_ROOT_CLASS = YES_ERROR;
				CLANG_WARN_RANGE_LOOP_ANALYSIS = YES;
				CLANG_WARN_STRICT_PROTOTYPES = YES;
				CLANG_WARN_SUSPICIOUS_MOVE = YES;
				CLANG_WARN_UNGUARDED_AVAILABILITY = YES_AGGRESSIVE;
				CLANG_WARN_UNREACHABLE_CODE = YES;
				CLANG_WARN__DUPLICATE_METHOD_MATCH = YES;
				COPY_PHASE_STRIP = NO;
				DEBUG_INFORMATION_FORMAT = dwarf;
				ENABLE_STRICT_OBJC_MSGSEND = YES;
				ENABLE_TESTABILITY = YES;
				GCC_C_LANGUAGE_STANDARD = gnu11;
				GCC_DYNAMIC_NO_PIC = NO;
				GCC_NO_COMMON_BLOCKS = YES;
				GCC_OPTIMIZATION_LEVEL = 0;
				GCC_PREPROCESSOR_DEFINITIONS = (
					"DEBUG=1",
					"$(inherited)",
				);
				GCC_WARN_64_TO_32_BIT_CONVERSION = YES;
				GCC_WARN_ABOUT_RETURN_TYPE = YES_ERROR;
				GCC_WARN_UNDECLARED_SELECTOR = YES;
				GCC_WARN_UNINITIALIZED_AUTOS = YES_AGGRESSIVE;
				GCC_WARN_UNUSED_FUNCTION = YES;
				GCC_WARN_UNUSED_VARIABLE = YES;
				IPHONEOS_DEPLOYMENT_TARGET = 13.4;
				MTL_ENABLE_DEBUG_INFO = INCLUDE_SOURCE;
				MTL_FAST_MATH = YES;
				ONLY_ACTIVE_ARCH = YES;
				SDKROOT = iphoneos;
				SWIFT_ACTIVE_COMPILATION_CONDITIONS = DEBUG;
				SWIFT_OPTIMIZATION_LEVEL = "-Onone";
			};
			name = Debug;
		};
		52F2518A2473F0260007F9E8 /* Release */ = {
			isa = XCBuildConfiguration;
			buildSettings = {
				ALWAYS_SEARCH_USER_PATHS = NO;
				CLANG_ANALYZER_NONNULL = YES;
				CLANG_ANALYZER_NUMBER_OBJECT_CONVERSION = YES_AGGRESSIVE;
				CLANG_CXX_LANGUAGE_STANDARD = "gnu++14";
				CLANG_CXX_LIBRARY = "libc++";
				CLANG_ENABLE_MODULES = YES;
				CLANG_ENABLE_OBJC_ARC = YES;
				CLANG_ENABLE_OBJC_WEAK = YES;
				CLANG_WARN_BLOCK_CAPTURE_AUTORELEASING = YES;
				CLANG_WARN_BOOL_CONVERSION = YES;
				CLANG_WARN_COMMA = YES;
				CLANG_WARN_CONSTANT_CONVERSION = YES;
				CLANG_WARN_DEPRECATED_OBJC_IMPLEMENTATIONS = YES;
				CLANG_WARN_DIRECT_OBJC_ISA_USAGE = YES_ERROR;
				CLANG_WARN_DOCUMENTATION_COMMENTS = YES;
				CLANG_WARN_EMPTY_BODY = YES;
				CLANG_WARN_ENUM_CONVERSION = YES;
				CLANG_WARN_INFINITE_RECURSION = YES;
				CLANG_WARN_INT_CONVERSION = YES;
				CLANG_WARN_NON_LITERAL_NULL_CONVERSION = YES;
				CLANG_WARN_OBJC_IMPLICIT_RETAIN_SELF = YES;
				CLANG_WARN_OBJC_LITERAL_CONVERSION = YES;
				CLANG_WARN_OBJC_ROOT_CLASS = YES_ERROR;
				CLANG_WARN_RANGE_LOOP_ANALYSIS = YES;
				CLANG_WARN_STRICT_PROTOTYPES = YES;
				CLANG_WARN_SUSPICIOUS_MOVE = YES;
				CLANG_WARN_UNGUARDED_AVAILABILITY = YES_AGGRESSIVE;
				CLANG_WARN_UNREACHABLE_CODE = YES;
				CLANG_WARN__DUPLICATE_METHOD_MATCH = YES;
				COPY_PHASE_STRIP = NO;
				DEBUG_INFORMATION_FORMAT = "dwarf-with-dsym";
				ENABLE_NS_ASSERTIONS = NO;
				ENABLE_STRICT_OBJC_MSGSEND = YES;
				GCC_C_LANGUAGE_STANDARD = gnu11;
				GCC_NO_COMMON_BLOCKS = YES;
				GCC_WARN_64_TO_32_BIT_CONVERSION = YES;
				GCC_WARN_ABOUT_RETURN_TYPE = YES_ERROR;
				GCC_WARN_UNDECLARED_SELECTOR = YES;
				GCC_WARN_UNINITIALIZED_AUTOS = YES_AGGRESSIVE;
				GCC_WARN_UNUSED_FUNCTION = YES;
				GCC_WARN_UNUSED_VARIABLE = YES;
				IPHONEOS_DEPLOYMENT_TARGET = 13.4;
				MTL_ENABLE_DEBUG_INFO = NO;
				MTL_FAST_MATH = YES;
				SDKROOT = iphoneos;
				SWIFT_COMPILATION_MODE = wholemodule;
				SWIFT_OPTIMIZATION_LEVEL = "-O";
				VALIDATE_PRODUCT = YES;
			};
			name = Release;
		};
		52F2518C2473F0260007F9E8 /* Debug */ = {
			isa = XCBuildConfiguration;
			buildSettings = {
				ASSETCATALOG_COMPILER_APPICON_NAME = AppIcon;
				CODE_SIGN_STYLE = Automatic;
				DEVELOPMENT_ASSET_PATHS = "\"myResume/Preview Content\"";
				DEVELOPMENT_TEAM = 245FL8M245;
				ENABLE_PREVIEWS = YES;
				INFOPLIST_FILE = myResume/Info.plist;
				LD_RUNPATH_SEARCH_PATHS = (
					"$(inherited)",
					"@executable_path/Frameworks",
				);
				PRODUCT_BUNDLE_IDENTIFIER = com.alexandreodet.myResume;
				PRODUCT_NAME = "$(TARGET_NAME)";
				SWIFT_VERSION = 5.0;
				TARGETED_DEVICE_FAMILY = "1,2";
			};
			name = Debug;
		};
		52F2518D2473F0260007F9E8 /* Release */ = {
			isa = XCBuildConfiguration;
			buildSettings = {
				ASSETCATALOG_COMPILER_APPICON_NAME = AppIcon;
				CODE_SIGN_STYLE = Automatic;
				DEVELOPMENT_ASSET_PATHS = "\"myResume/Preview Content\"";
				DEVELOPMENT_TEAM = 245FL8M245;
				ENABLE_PREVIEWS = YES;
				INFOPLIST_FILE = myResume/Info.plist;
				LD_RUNPATH_SEARCH_PATHS = (
					"$(inherited)",
					"@executable_path/Frameworks",
				);
				PRODUCT_BUNDLE_IDENTIFIER = com.alexandreodet.myResume;
				PRODUCT_NAME = "$(TARGET_NAME)";
				SWIFT_VERSION = 5.0;
				TARGETED_DEVICE_FAMILY = "1,2";
			};
			name = Release;
		};
		52F2518F2473F0260007F9E8 /* Debug */ = {
			isa = XCBuildConfiguration;
			buildSettings = {
				ALWAYS_EMBED_SWIFT_STANDARD_LIBRARIES = YES;
				BUNDLE_LOADER = "$(TEST_HOST)";
				CODE_SIGN_STYLE = Automatic;
				DEVELOPMENT_TEAM = 245FL8M245;
				INFOPLIST_FILE = myResumeTests/Info.plist;
				IPHONEOS_DEPLOYMENT_TARGET = 13.4;
				LD_RUNPATH_SEARCH_PATHS = (
					"$(inherited)",
					"@executable_path/Frameworks",
					"@loader_path/Frameworks",
				);
				PRODUCT_BUNDLE_IDENTIFIER = com.alexandreodet.myResumeTests;
				PRODUCT_NAME = "$(TARGET_NAME)";
				SWIFT_VERSION = 5.0;
				TARGETED_DEVICE_FAMILY = "1,2";
				TEST_HOST = "$(BUILT_PRODUCTS_DIR)/myResume.app/myResume";
			};
			name = Debug;
		};
		52F251902473F0260007F9E8 /* Release */ = {
			isa = XCBuildConfiguration;
			buildSettings = {
				ALWAYS_EMBED_SWIFT_STANDARD_LIBRARIES = YES;
				BUNDLE_LOADER = "$(TEST_HOST)";
				CODE_SIGN_STYLE = Automatic;
				DEVELOPMENT_TEAM = 245FL8M245;
				INFOPLIST_FILE = myResumeTests/Info.plist;
				IPHONEOS_DEPLOYMENT_TARGET = 13.4;
				LD_RUNPATH_SEARCH_PATHS = (
					"$(inherited)",
					"@executable_path/Frameworks",
					"@loader_path/Frameworks",
				);
				PRODUCT_BUNDLE_IDENTIFIER = com.alexandreodet.myResumeTests;
				PRODUCT_NAME = "$(TARGET_NAME)";
				SWIFT_VERSION = 5.0;
				TARGETED_DEVICE_FAMILY = "1,2";
				TEST_HOST = "$(BUILT_PRODUCTS_DIR)/myResume.app/myResume";
			};
			name = Release;
		};
		52F251922473F0260007F9E8 /* Debug */ = {
			isa = XCBuildConfiguration;
			buildSettings = {
				ALWAYS_EMBED_SWIFT_STANDARD_LIBRARIES = YES;
				CODE_SIGN_STYLE = Automatic;
				DEVELOPMENT_TEAM = 245FL8M245;
				INFOPLIST_FILE = myResumeUITests/Info.plist;
				LD_RUNPATH_SEARCH_PATHS = (
					"$(inherited)",
					"@executable_path/Frameworks",
					"@loader_path/Frameworks",
				);
				PRODUCT_BUNDLE_IDENTIFIER = com.alexandreodet.myResumeUITests;
				PRODUCT_NAME = "$(TARGET_NAME)";
				SWIFT_VERSION = 5.0;
				TARGETED_DEVICE_FAMILY = "1,2";
				TEST_TARGET_NAME = myResume;
			};
			name = Debug;
		};
		52F251932473F0260007F9E8 /* Release */ = {
			isa = XCBuildConfiguration;
			buildSettings = {
				ALWAYS_EMBED_SWIFT_STANDARD_LIBRARIES = YES;
				CODE_SIGN_STYLE = Automatic;
				DEVELOPMENT_TEAM = 245FL8M245;
				INFOPLIST_FILE = myResumeUITests/Info.plist;
				LD_RUNPATH_SEARCH_PATHS = (
					"$(inherited)",
					"@executable_path/Frameworks",
					"@loader_path/Frameworks",
				);
				PRODUCT_BUNDLE_IDENTIFIER = com.alexandreodet.myResumeUITests;
				PRODUCT_NAME = "$(TARGET_NAME)";
				SWIFT_VERSION = 5.0;
				TARGETED_DEVICE_FAMILY = "1,2";
				TEST_TARGET_NAME = myResume;
			};
			name = Release;
		};
/* End XCBuildConfiguration section */

/* Begin XCConfigurationList section */
		52F2515C2473F0250007F9E8 /* Build configuration list for PBXProject "myResume" */ = {
			isa = XCConfigurationList;
			buildConfigurations = (
				52F251892473F0260007F9E8 /* Debug */,
				52F2518A2473F0260007F9E8 /* Release */,
			);
			defaultConfigurationIsVisible = 0;
			defaultConfigurationName = Release;
		};
		52F2518B2473F0260007F9E8 /* Build configuration list for PBXNativeTarget "myResume" */ = {
			isa = XCConfigurationList;
			buildConfigurations = (
				52F2518C2473F0260007F9E8 /* Debug */,
				52F2518D2473F0260007F9E8 /* Release */,
			);
			defaultConfigurationIsVisible = 0;
			defaultConfigurationName = Release;
		};
		52F2518E2473F0260007F9E8 /* Build configuration list for PBXNativeTarget "myResumeTests" */ = {
			isa = XCConfigurationList;
			buildConfigurations = (
				52F2518F2473F0260007F9E8 /* Debug */,
				52F251902473F0260007F9E8 /* Release */,
			);
			defaultConfigurationIsVisible = 0;
			defaultConfigurationName = Release;
		};
		52F251912473F0260007F9E8 /* Build configuration list for PBXNativeTarget "myResumeUITests" */ = {
			isa = XCConfigurationList;
			buildConfigurations = (
				52F251922473F0260007F9E8 /* Debug */,
				52F251932473F0260007F9E8 /* Release */,
			);
			defaultConfigurationIsVisible = 0;
			defaultConfigurationName = Release;
		};
/* End XCConfigurationList section */
	};
	rootObject = 52F251592473F0250007F9E8 /* Project object */;
}
